{
  "nodes": {
    "nixpkgs": {
      "locked": {
        "lastModified": 1624561540,
        "narHash": "sha256-izJ2PYZMGMsSkg+e7c9A1x3t/yOLT+qzUM6WQsc2tqo=",
        "owner": "NixOS",
        "repo": "nixpkgs",
        "rev": "c6a049a3d32293b24c0f894a840872cf67fd7c11",
        "type": "github"
      },
      "original": {
        "owner": "NixOS",
        "ref": "nixpkgs-unstable",
        "repo": "nixpkgs",
        "type": "github"
      }
    },
    "nixpkgsOld": {
      "locked": {
        "lastModified": 1624474106,
        "narHash": "sha256-kxD+OiitDL7aZmJ25LgX8stqE5XN5Uz/XC5sSnU/p+A=",
        "owner": "NixOS",
        "repo": "nixpkgs",
        "rev": "86d3781c39023e0dd994b305bfd85a2082052014",
        "type": "github"
      },
      "original": {
        "owner": "NixOS",
        "ref": "nixos-20.09",
        "repo": "nixpkgs",
        "type": "github"
      }
    },
    "root": {
      "inputs": {
        "nixpkgs": "nixpkgs",
        "nixpkgsOld": "nixpkgsOld"
      }
    }
  },
  "root": "root",
  "version": 7
}
