{
  "nodes": {
    "flake-utils": {
      "locked": {
        "lastModified": 1659877975,
        "narHash": "sha256-zllb8aq3YO3h8B/U0/J1WBgAL8EX5yWf5pMj3G0NAmc=",
        "owner": "numtide",
        "repo": "flake-utils",
        "rev": "c0e246b9b83f637f4681389ecabcb2681b4f3af0",
        "type": "github"
      },
      "original": {
        "owner": "numtide",
        "repo": "flake-utils",
        "type": "github"
      }
    },
    "known-folders": {
      "flake": false,
      "locked": {
        "lastModified": 1659425144,
        "narHash": "sha256-xMgdOKwWqBmw7avcioqQQrrPU1MjzlBMtNjqPfOEtDQ=",
        "owner": "ziglibs",
        "repo": "known-folders",
        "rev": "24845b0103e611c108d6bc334231c464e699742c",
        "type": "github"
      },
      "original": {
        "owner": "ziglibs",
        "repo": "known-folders",
        "type": "github"
      }
    },
    "nixpkgs": {
      "locked": {
        "lastModified": 1687130670,
        "narHash": "sha256-VKTdfsJe7sVTTqxTd3eRGPoUgEeJKD+kwS86B6TY874=",
        "owner": "NixOS",
        "repo": "nixpkgs",
        "rev": "c1bca7fe84c646cfd4ebf3482c0e6317a0b13f22",
        "type": "github"
      },
      "original": {
        "owner": "NixOS",
        "ref": "nixpkgs-unstable",
        "repo": "nixpkgs",
        "type": "github"
      }
    },
    "root": {
      "inputs": {
        "known-folders": "known-folders",
        "nixpkgs": "nixpkgs",
        "zig-overlay": "zig-overlay"
      }
    },
    "zig-overlay": {
      "inputs": {
        "flake-utils": "flake-utils",
        "nixpkgs": [
          "nixpkgs"
        ]
      },
      "locked": {
        "lastModified": 1669928280,
        "narHash": "sha256-kdhbLgCnHmhAh6vZ0PVKNB1B/m8QgUukWHPfKxME1X8=",
        "owner": "mitchellh",
        "repo": "zig-overlay",
        "rev": "a9c5cbd8dfad6f6bd9a33cb21073d3278255d143",
        "type": "github"
      },
      "original": {
        "owner": "mitchellh",
        "repo": "zig-overlay",
        "type": "github"
      }
    }
  },
  "root": "root",
  "version": 7
}
